
Microsoft Visual Studio Solution File, Format Version 12.00
# Visual Studio Version 17
VisualStudioVersion = 17.13.35931.197 d17.13
MinimumVisualStudioVersion = 10.0.40219.1
Project("{FAE04EC0-301F-11D3-BF4B-00C04F79EFBC}") = "Quiz Game", "Quiz Game\Quiz Game.csproj", "{BA6D9967-7725-43D3-BC09-7A28438AF2D0}"
EndProject
Global
	GlobalSection(SolutionConfigurationPlatforms) = preSolution
		Debug|Any CPU = Debug|Any CPU
		Release|Any CPU = Release|Any CPU
	EndGlobalSection
	GlobalSection(ProjectConfigurationPlatforms) = postSolution
		{BA6D9967-7725-43D3-BC09-7A28438AF2D0}.Debug|Any CPU.ActiveCfg = Debug|Any CPU
		{BA6D9967-7725-43D3-BC09-7A28438AF2D0}.Debug|Any CPU.Build.0 = Debug|Any CPU
		{BA6D9967-7725-43D3-BC09-7A28438AF2D0}.Release|Any CPU.ActiveCfg = Release|Any CPU
		{BA6D9967-7725-43D3-BC09-7A28438AF2D0}.Release|Any CPU.Build.0 = Release|Any CPU
	EndGlobalSection
	GlobalSection(SolutionProperties) = preSolution
		HideSolutionNode = FALSE
	EndGlobalSection
	GlobalSection(ExtensibilityGlobals) = postSolution
		SolutionGuid = {00073118-3773-412D-84AF-2BE6C40BD6B7}
	EndGlobalSection
EndGlobal
